
Microsoft Visual Studio Solution File, Format Version 12.00
# Visual Studio 15
VisualStudioVersion = 15.0.27703.2035
MinimumVisualStudioVersion = 10.0.40219.1
Project("{FAE04EC0-301F-11D3-BF4B-00C04F79EFBC}") = "Backend", "Backend\Backend.csproj", "{49331776-80B9-424F-8BEB-5E0433B66D09}"
EndProject
Global
	GlobalSection(SolutionConfigurationPlatforms) = preSolution
		Debug|Any CPU = Debug|Any CPU
		Release|Any CPU = Release|Any CPU
	EndGlobalSection
	GlobalSection(ProjectConfigurationPlatforms) = postSolution
		{49331776-80B9-424F-8BEB-5E0433B66D09}.Debug|Any CPU.ActiveCfg = Debug|Any CPU
		{49331776-80B9-424F-8BEB-5E0433B66D09}.Debug|Any CPU.Build.0 = Debug|Any CPU
		{49331776-80B9-424F-8BEB-5E0433B66D09}.Release|Any CPU.ActiveCfg = Release|Any CPU
		{49331776-80B9-424F-8BEB-5E0433B66D09}.Release|Any CPU.Build.0 = Release|Any CPU
	EndGlobalSection
	GlobalSection(SolutionProperties) = preSolution
		HideSolutionNode = FALSE
	EndGlobalSection
	GlobalSection(ExtensibilityGlobals) = postSolution
		SolutionGuid = {140DC2F5-0CE6-493F-AC86-A85926C37A08}
	EndGlobalSection
EndGlobal
